
Microsoft Visual Studio Solution File, Format Version 12.00
# Visual Studio Version 16
VisualStudioVersion = 16.0.31321.278
MinimumVisualStudioVersion = 10.0.40219.1
Project("{FAE04EC0-301F-11D3-BF4B-00C04F79EFBC}") = "ApiSeriesPersonajesDpr", "ApiSeriesPersonajesDpr\ApiSeriesPersonajesDpr.csproj", "{1A84C923-7BE4-45B2-8120-ADFDAEBFFDDB}"
EndProject
Global
	GlobalSection(SolutionConfigurationPlatforms) = preSolution
		Debug|Any CPU = Debug|Any CPU
		Release|Any CPU = Release|Any CPU
	EndGlobalSection
	GlobalSection(ProjectConfigurationPlatforms) = postSolution
		{1A84C923-7BE4-45B2-8120-ADFDAEBFFDDB}.Debug|Any CPU.ActiveCfg = Debug|Any CPU
		{1A84C923-7BE4-45B2-8120-ADFDAEBFFDDB}.Debug|Any CPU.Build.0 = Debug|Any CPU
		{1A84C923-7BE4-45B2-8120-ADFDAEBFFDDB}.Release|Any CPU.ActiveCfg = Release|Any CPU
		{1A84C923-7BE4-45B2-8120-ADFDAEBFFDDB}.Release|Any CPU.Build.0 = Release|Any CPU
	EndGlobalSection
	GlobalSection(SolutionProperties) = preSolution
		HideSolutionNode = FALSE
	EndGlobalSection
	GlobalSection(ExtensibilityGlobals) = postSolution
		SolutionGuid = {E8474752-E2EF-443A-A1C7-51007E2BAF68}
	EndGlobalSection
EndGlobal
